
Microsoft Visual Studio Solution File, Format Version 12.00
# Visual Studio Version 17
VisualStudioVersion = 17.0.31903.59
MinimumVisualStudioVersion = 10.0.40219.1
Project("{FAE04EC0-301F-11D3-BF4B-00C04F79EFBC}") = "2021_12_27_webformV2", "2021_12_27_webformV2.csproj", "{97389A1B-8C3F-41DC-81AB-749228EA2A17}"
EndProject
Global
	GlobalSection(SolutionConfigurationPlatforms) = preSolution
		Debug|Any CPU = Debug|Any CPU
		Release|Any CPU = Release|Any CPU
	EndGlobalSection
	GlobalSection(ProjectConfigurationPlatforms) = postSolution
		{97389A1B-8C3F-41DC-81AB-749228EA2A17}.Debug|Any CPU.ActiveCfg = Debug|Any CPU
		{97389A1B-8C3F-41DC-81AB-749228EA2A17}.Debug|Any CPU.Build.0 = Debug|Any CPU
		{97389A1B-8C3F-41DC-81AB-749228EA2A17}.Release|Any CPU.ActiveCfg = Release|Any CPU
		{97389A1B-8C3F-41DC-81AB-749228EA2A17}.Release|Any CPU.Build.0 = Release|Any CPU
	EndGlobalSection
	GlobalSection(SolutionProperties) = preSolution
		HideSolutionNode = FALSE
	EndGlobalSection
	GlobalSection(ExtensibilityGlobals) = postSolution
		SolutionGuid = {CB547DA2-79C5-4029-8676-18475370FDBD}
	EndGlobalSection
EndGlobal
